Microsoft Visual Studio Solution File, Format Version 11.00
# Visual Studio 2010
Project("{FAE04EC0-301F-11D3-BF4B-00C04F79EFBC}") = "WinExample.Module", "WinExample.Module\WinExample.Module.csproj", "{0EBF469A-B9D8-4BDA-8BCE-77307A9B18EE}"
EndProject
Project("{FAE04EC0-301F-11D3-BF4B-00C04F79EFBC}") = "WinExample.Module.Win", "WinExample.Module.Win\WinExample.Module.Win.csproj", "{4E9EB401-9ECE-4D78-A556-B9DE79675F6A}"
EndProject
Project("{FAE04EC0-301F-11D3-BF4B-00C04F79EFBC}") = "WinExample.Win", "WinExample.Win\WinExample.Win.csproj", "{6A267070-BBCD-4B39-9C22-4F67BFAC43D6}"
EndProject
Global
	GlobalSection(SolutionConfigurationPlatforms) = preSolution
		Debug|Any CPU = Debug|Any CPU
		Release|Any CPU = Release|Any CPU
	EndGlobalSection
	GlobalSection(ProjectConfigurationPlatforms) = postSolution
		{0EBF469A-B9D8-4BDA-8BCE-77307A9B18EE}.Debug|Any CPU.ActiveCfg = Debug|Any CPU
		{0EBF469A-B9D8-4BDA-8BCE-77307A9B18EE}.Debug|Any CPU.Build.0 = Debug|Any CPU
		{0EBF469A-B9D8-4BDA-8BCE-77307A9B18EE}.Release|Any CPU.ActiveCfg = Release|Any CPU
		{0EBF469A-B9D8-4BDA-8BCE-77307A9B18EE}.Release|Any CPU.Build.0 = Release|Any CPU
		{4E9EB401-9ECE-4D78-A556-B9DE79675F6A}.Debug|Any CPU.ActiveCfg = Debug|Any CPU
		{4E9EB401-9ECE-4D78-A556-B9DE79675F6A}.Debug|Any CPU.Build.0 = Debug|Any CPU
		{4E9EB401-9ECE-4D78-A556-B9DE79675F6A}.Release|Any CPU.ActiveCfg = Release|Any CPU
		{4E9EB401-9ECE-4D78-A556-B9DE79675F6A}.Release|Any CPU.Build.0 = Release|Any CPU
		{6A267070-BBCD-4B39-9C22-4F67BFAC43D6}.Debug|Any CPU.ActiveCfg = Debug|Any CPU
		{6A267070-BBCD-4B39-9C22-4F67BFAC43D6}.Debug|Any CPU.Build.0 = Debug|Any CPU
		{6A267070-BBCD-4B39-9C22-4F67BFAC43D6}.Release|Any CPU.ActiveCfg = Release|Any CPU
		{6A267070-BBCD-4B39-9C22-4F67BFAC43D6}.Release|Any CPU.Build.0 = Release|Any CPU
	EndGlobalSection
	GlobalSection(SolutionProperties) = preSolution
		HideSolutionNode = FALSE
	EndGlobalSection
EndGlobal
